{
  "requires": true,
  "lockfileVersion": 1,
  "dependencies": {
    "chrono-node": {
      "version": "1.4.4",
      "resolved": "https://registry.npmjs.org/chrono-node/-/chrono-node-1.4.4.tgz",
      "integrity": "sha512-vwsQ2Z6RhkfIsFYvcZtifa0eSQC6pl08fgXkcZXkfGAJk/OkdYAuGqM2yLhPzsuK3N+BmaKFBie/jGvLsiYMbA==",
      "requires": {
        "dayjs": "^1.8.19"
      }
    },
    "dayjs": {
      "version": "1.8.23",
      "resolved": "https://registry.npmjs.org/dayjs/-/dayjs-1.8.23.tgz",
      "integrity": "sha512-NmYHMFONftoZbeOhVz6jfiXI4zSiPN6NoVWJgC0aZQfYVwzy/ZpESPHuCcI0B8BUMpSJQ08zenHDbofOLKq8hQ=="
    }
  }
}
